
Microsoft Visual Studio Solution File, Format Version 12.00
# Visual Studio Version 17
VisualStudioVersion = 17.11.35303.130
MinimumVisualStudioVersion = 10.0.40219.1
Project("{FAE04EC0-301F-11D3-BF4B-00C04F79EFBC}") = "result-pattern", "result-pattern\result-pattern.csproj", "{B4245EF2-4F7E-433F-BE4D-73BBF4232C39}"
EndProject
Global
	GlobalSection(SolutionConfigurationPlatforms) = preSolution
		Debug|Any CPU = Debug|Any CPU
		Release|Any CPU = Release|Any CPU
	EndGlobalSection
	GlobalSection(ProjectConfigurationPlatforms) = postSolution
		{B4245EF2-4F7E-433F-BE4D-73BBF4232C39}.Debug|Any CPU.ActiveCfg = Debug|Any CPU
		{B4245EF2-4F7E-433F-BE4D-73BBF4232C39}.Debug|Any CPU.Build.0 = Debug|Any CPU
		{B4245EF2-4F7E-433F-BE4D-73BBF4232C39}.Release|Any CPU.ActiveCfg = Release|Any CPU
		{B4245EF2-4F7E-433F-BE4D-73BBF4232C39}.Release|Any CPU.Build.0 = Release|Any CPU
	EndGlobalSection
	GlobalSection(SolutionProperties) = preSolution
		HideSolutionNode = FALSE
	EndGlobalSection
	GlobalSection(ExtensibilityGlobals) = postSolution
		SolutionGuid = {E85F1073-B028-4ECF-A9AF-9EED1A3558B7}
	EndGlobalSection
EndGlobal
